# THIS IS AN AUTOGENERATED FILE. DO NOT EDIT THIS FILE DIRECTLY.
# yarn lockfile v1


"@openzeppelin/contracts@^4.7.3":
  version "4.7.3"
  resolved "https://registry.yarnpkg.com/@openzeppelin/contracts/-/contracts-4.7.3.tgz#939534757a81f8d69cc854c7692805684ff3111e"
  integrity sha512-dGRS0agJzu8ybo44pCIf3xBaPQN/65AIXNgK8+4gzKd5kbvlqyxryUYVLJv7fK98Seyd2hDZzVEHSWAh0Bt1Yw==

chai-bignumber@^3.0.0:
  version "3.0.0"
  resolved "https://registry.yarnpkg.com/chai-bignumber/-/chai-bignumber-3.0.0.tgz#e90cf1f468355bbb11a9acd051222586cd2648a9"
  integrity sha512-SubOtaSI2AILWTWe2j0c6i2yFT/f9J6UBjeVGDuwDiPLkF/U5+/eTWUE3sbCZ1KgcPF6UJsDVYbIxaYA097MQA==

dotenv@^16.0.2:
  version "16.0.2"
  resolved "https://registry.yarnpkg.com/dotenv/-/dotenv-16.0.2.tgz#0b0f8652c016a3858ef795024508cddc4bffc5bf"
  integrity sha512-JvpYKUmzQhYoIFgK2MOnF3bciIZoItIIoryihy0rIA+H4Jy0FmgyKYAHCTN98P5ybGSJcIFbh6QKeJdtZd1qhA==
